
Microsoft Visual Studio Solution File, Format Version 12.00
# Visual Studio Version 17
VisualStudioVersion = 17.2.32616.157
MinimumVisualStudioVersion = 10.0.40219.1
Project("{FAE04EC0-301F-11D3-BF4B-00C04F79EFBC}") = "logica", "logica\logica.csproj", "{8D15E7E1-74EF-4BB8-913B-EF10B93A2594}"
EndProject
Global
	GlobalSection(SolutionConfigurationPlatforms) = preSolution
		Debug|Any CPU = Debug|Any CPU
		Release|Any CPU = Release|Any CPU
	EndGlobalSection
	GlobalSection(ProjectConfigurationPlatforms) = postSolution
		{8D15E7E1-74EF-4BB8-913B-EF10B93A2594}.Debug|Any CPU.ActiveCfg = Debug|Any CPU
		{8D15E7E1-74EF-4BB8-913B-EF10B93A2594}.Debug|Any CPU.Build.0 = Debug|Any CPU
		{8D15E7E1-74EF-4BB8-913B-EF10B93A2594}.Release|Any CPU.ActiveCfg = Release|Any CPU
		{8D15E7E1-74EF-4BB8-913B-EF10B93A2594}.Release|Any CPU.Build.0 = Release|Any CPU
	EndGlobalSection
	GlobalSection(SolutionProperties) = preSolution
		HideSolutionNode = FALSE
	EndGlobalSection
	GlobalSection(ExtensibilityGlobals) = postSolution
		SolutionGuid = {9C67A35A-DA25-47F8-8440-6ECB34E6679C}
	EndGlobalSection
EndGlobal
