
Microsoft Visual Studio Solution File, Format Version 12.00
# Visual Studio Version 17
VisualStudioVersion = 17.2.32616.157
MinimumVisualStudioVersion = 10.0.40219.1
Project("{FAE04EC0-301F-11D3-BF4B-00C04F79EFBC}") = "logica", "logica\logica.csproj", "{8D15E7E1-74EF-4BB8-913B-EF10B93A2594}"
EndProject
Project("{FAE04EC0-301F-11D3-BF4B-00C04F79EFBC}") = "exercicio1", "exercicio1\exercicio1.csproj", "{4218652E-6C93-4AD7-8593-D46ABE4A0F08}"
EndProject
Project("{FAE04EC0-301F-11D3-BF4B-00C04F79EFBC}") = "exercicio2", "exercicio2\exercicio2.csproj", "{1D7041CC-931F-4BD3-93CB-8B435540F5EA}"
EndProject
Project("{FAE04EC0-301F-11D3-BF4B-00C04F79EFBC}") = "exercicicio3", "exercicicio3\exercicicio3.csproj", "{CC8C796A-2053-4F70-A860-99471D7EE2B1}"
EndProject
Project("{FAE04EC0-301F-11D3-BF4B-00C04F79EFBC}") = "exercicio4", "exercicio4\exercicio4.csproj", "{AA372774-1963-4C15-8353-3E42E527556E}"
EndProject
Project("{FAE04EC0-301F-11D3-BF4B-00C04F79EFBC}") = "exercicio05", "exercicio05\exercicio05.csproj", "{10384568-262F-49A3-B04C-F5E6F4BBA41F}"
EndProject
Project("{FAE04EC0-301F-11D3-BF4B-00C04F79EFBC}") = "exercicio6", "exercicio6\exercicio6.csproj", "{27646B80-F568-49BD-B266-349D94C20A65}"
EndProject
Project("{FAE04EC0-301F-11D3-BF4B-00C04F79EFBC}") = "triangulo", "triangulo\triangulo.csproj", "{72354BAA-4C95-450B-992C-0CD3910B033E}"
EndProject
Project("{FAE04EC0-301F-11D3-BF4B-00C04F79EFBC}") = "case01", "case01\case01.csproj", "{843F7F6B-CA3A-4ECD-B12B-D48DFDFC4A16}"
EndProject
Project("{FAE04EC0-301F-11D3-BF4B-00C04F79EFBC}") = "case2", "case2\case2.csproj", "{CE1A5CCC-9E13-4508-AD07-20B1F11C4B91}"
EndProject
Project("{FAE04EC0-301F-11D3-BF4B-00C04F79EFBC}") = "manipulação", "manipulação\manipulação.csproj", "{B981038A-D40F-4F27-9F1D-DEF41C543133}"
EndProject
Project("{FAE04EC0-301F-11D3-BF4B-00C04F79EFBC}") = "mani", "mani\mani.csproj", "{08CBC534-1D45-447C-879E-675BCB6BCD59}"
EndProject
Project("{FAE04EC0-301F-11D3-BF4B-00C04F79EFBC}") = "console", "console\console.csproj", "{38E30532-ED97-48E3-B980-B9D980D6C850}"
EndProject
Project("{FAE04EC0-301F-11D3-BF4B-00C04F79EFBC}") = "while2", "while2\while2.csproj", "{89E49C00-B77E-47A1-AAAE-5CDEBA85EA55}"
EndProject
Project("{FAE04EC0-301F-11D3-BF4B-00C04F79EFBC}") = "denovo", "denovo\denovo.csproj", "{7F300488-4406-49C6-8A4A-C6331A658DC3}"
EndProject
Project("{FAE04EC0-301F-11D3-BF4B-00C04F79EFBC}") = "COMPRAS", "COMPRAS\COMPRAS.csproj", "{B91CADD8-E252-4E38-8B10-5B335D826EC7}"
EndProject
Global
	GlobalSection(SolutionConfigurationPlatforms) = preSolution
		Debug|Any CPU = Debug|Any CPU
		Release|Any CPU = Release|Any CPU
	EndGlobalSection
	GlobalSection(ProjectConfigurationPlatforms) = postSolution
		{8D15E7E1-74EF-4BB8-913B-EF10B93A2594}.Debug|Any CPU.ActiveCfg = Debug|Any CPU
		{8D15E7E1-74EF-4BB8-913B-EF10B93A2594}.Debug|Any CPU.Build.0 = Debug|Any CPU
		{8D15E7E1-74EF-4BB8-913B-EF10B93A2594}.Release|Any CPU.ActiveCfg = Release|Any CPU
		{8D15E7E1-74EF-4BB8-913B-EF10B93A2594}.Release|Any CPU.Build.0 = Release|Any CPU
		{4218652E-6C93-4AD7-8593-D46ABE4A0F08}.Debug|Any CPU.ActiveCfg = Debug|Any CPU
		{4218652E-6C93-4AD7-8593-D46ABE4A0F08}.Debug|Any CPU.Build.0 = Debug|Any CPU
		{4218652E-6C93-4AD7-8593-D46ABE4A0F08}.Release|Any CPU.ActiveCfg = Release|Any CPU
		{4218652E-6C93-4AD7-8593-D46ABE4A0F08}.Release|Any CPU.Build.0 = Release|Any CPU
		{1D7041CC-931F-4BD3-93CB-8B435540F5EA}.Debug|Any CPU.ActiveCfg = Debug|Any CPU
		{1D7041CC-931F-4BD3-93CB-8B435540F5EA}.Debug|Any CPU.Build.0 = Debug|Any CPU
		{1D7041CC-931F-4BD3-93CB-8B435540F5EA}.Release|Any CPU.ActiveCfg = Release|Any CPU
		{1D7041CC-931F-4BD3-93CB-8B435540F5EA}.Release|Any CPU.Build.0 = Release|Any CPU
		{CC8C796A-2053-4F70-A860-99471D7EE2B1}.Debug|Any CPU.ActiveCfg = Debug|Any CPU
		{CC8C796A-2053-4F70-A860-99471D7EE2B1}.Debug|Any CPU.Build.0 = Debug|Any CPU
		{CC8C796A-2053-4F70-A860-99471D7EE2B1}.Release|Any CPU.ActiveCfg = Release|Any CPU
		{CC8C796A-2053-4F70-A860-99471D7EE2B1}.Release|Any CPU.Build.0 = Release|Any CPU
		{AA372774-1963-4C15-8353-3E42E527556E}.Debug|Any CPU.ActiveCfg = Debug|Any CPU
		{AA372774-1963-4C15-8353-3E42E527556E}.Debug|Any CPU.Build.0 = Debug|Any CPU
		{AA372774-1963-4C15-8353-3E42E527556E}.Release|Any CPU.ActiveCfg = Release|Any CPU
		{AA372774-1963-4C15-8353-3E42E527556E}.Release|Any CPU.Build.0 = Release|Any CPU
		{10384568-262F-49A3-B04C-F5E6F4BBA41F}.Debug|Any CPU.ActiveCfg = Debug|Any CPU
		{10384568-262F-49A3-B04C-F5E6F4BBA41F}.Debug|Any CPU.Build.0 = Debug|Any CPU
		{10384568-262F-49A3-B04C-F5E6F4BBA41F}.Release|Any CPU.ActiveCfg = Release|Any CPU
		{10384568-262F-49A3-B04C-F5E6F4BBA41F}.Release|Any CPU.Build.0 = Release|Any CPU
		{27646B80-F568-49BD-B266-349D94C20A65}.Debug|Any CPU.ActiveCfg = Debug|Any CPU
		{27646B80-F568-49BD-B266-349D94C20A65}.Debug|Any CPU.Build.0 = Debug|Any CPU
		{27646B80-F568-49BD-B266-349D94C20A65}.Release|Any CPU.ActiveCfg = Release|Any CPU
		{27646B80-F568-49BD-B266-349D94C20A65}.Release|Any CPU.Build.0 = Release|Any CPU
		{72354BAA-4C95-450B-992C-0CD3910B033E}.Debug|Any CPU.ActiveCfg = Debug|Any CPU
		{72354BAA-4C95-450B-992C-0CD3910B033E}.Debug|Any CPU.Build.0 = Debug|Any CPU
		{72354BAA-4C95-450B-992C-0CD3910B033E}.Release|Any CPU.ActiveCfg = Release|Any CPU
		{72354BAA-4C95-450B-992C-0CD3910B033E}.Release|Any CPU.Build.0 = Release|Any CPU
		{843F7F6B-CA3A-4ECD-B12B-D48DFDFC4A16}.Debug|Any CPU.ActiveCfg = Debug|Any CPU
		{843F7F6B-CA3A-4ECD-B12B-D48DFDFC4A16}.Debug|Any CPU.Build.0 = Debug|Any CPU
		{843F7F6B-CA3A-4ECD-B12B-D48DFDFC4A16}.Release|Any CPU.ActiveCfg = Release|Any CPU
		{843F7F6B-CA3A-4ECD-B12B-D48DFDFC4A16}.Release|Any CPU.Build.0 = Release|Any CPU
		{CE1A5CCC-9E13-4508-AD07-20B1F11C4B91}.Debug|Any CPU.ActiveCfg = Debug|Any CPU
		{CE1A5CCC-9E13-4508-AD07-20B1F11C4B91}.Debug|Any CPU.Build.0 = Debug|Any CPU
		{CE1A5CCC-9E13-4508-AD07-20B1F11C4B91}.Release|Any CPU.ActiveCfg = Release|Any CPU
		{CE1A5CCC-9E13-4508-AD07-20B1F11C4B91}.Release|Any CPU.Build.0 = Release|Any CPU
		{B981038A-D40F-4F27-9F1D-DEF41C543133}.Debug|Any CPU.ActiveCfg = Debug|Any CPU
		{B981038A-D40F-4F27-9F1D-DEF41C543133}.Debug|Any CPU.Build.0 = Debug|Any CPU
		{B981038A-D40F-4F27-9F1D-DEF41C543133}.Release|Any CPU.ActiveCfg = Release|Any CPU
		{B981038A-D40F-4F27-9F1D-DEF41C543133}.Release|Any CPU.Build.0 = Release|Any CPU
		{08CBC534-1D45-447C-879E-675BCB6BCD59}.Debug|Any CPU.ActiveCfg = Debug|Any CPU
		{08CBC534-1D45-447C-879E-675BCB6BCD59}.Debug|Any CPU.Build.0 = Debug|Any CPU
		{08CBC534-1D45-447C-879E-675BCB6BCD59}.Release|Any CPU.ActiveCfg = Release|Any CPU
		{08CBC534-1D45-447C-879E-675BCB6BCD59}.Release|Any CPU.Build.0 = Release|Any CPU
		{38E30532-ED97-48E3-B980-B9D980D6C850}.Debug|Any CPU.ActiveCfg = Debug|Any CPU
		{38E30532-ED97-48E3-B980-B9D980D6C850}.Debug|Any CPU.Build.0 = Debug|Any CPU
		{38E30532-ED97-48E3-B980-B9D980D6C850}.Release|Any CPU.ActiveCfg = Release|Any CPU
		{38E30532-ED97-48E3-B980-B9D980D6C850}.Release|Any CPU.Build.0 = Release|Any CPU
		{89E49C00-B77E-47A1-AAAE-5CDEBA85EA55}.Debug|Any CPU.ActiveCfg = Debug|Any CPU
		{89E49C00-B77E-47A1-AAAE-5CDEBA85EA55}.Debug|Any CPU.Build.0 = Debug|Any CPU
		{89E49C00-B77E-47A1-AAAE-5CDEBA85EA55}.Release|Any CPU.ActiveCfg = Release|Any CPU
		{89E49C00-B77E-47A1-AAAE-5CDEBA85EA55}.Release|Any CPU.Build.0 = Release|Any CPU
		{7F300488-4406-49C6-8A4A-C6331A658DC3}.Debug|Any CPU.ActiveCfg = Debug|Any CPU
		{7F300488-4406-49C6-8A4A-C6331A658DC3}.Debug|Any CPU.Build.0 = Debug|Any CPU
		{7F300488-4406-49C6-8A4A-C6331A658DC3}.Release|Any CPU.ActiveCfg = Release|Any CPU
		{7F300488-4406-49C6-8A4A-C6331A658DC3}.Release|Any CPU.Build.0 = Release|Any CPU
		{B91CADD8-E252-4E38-8B10-5B335D826EC7}.Debug|Any CPU.ActiveCfg = Debug|Any CPU
		{B91CADD8-E252-4E38-8B10-5B335D826EC7}.Debug|Any CPU.Build.0 = Debug|Any CPU
		{B91CADD8-E252-4E38-8B10-5B335D826EC7}.Release|Any CPU.ActiveCfg = Release|Any CPU
		{B91CADD8-E252-4E38-8B10-5B335D826EC7}.Release|Any CPU.Build.0 = Release|Any CPU
	EndGlobalSection
	GlobalSection(SolutionProperties) = preSolution
		HideSolutionNode = FALSE
	EndGlobalSection
	GlobalSection(ExtensibilityGlobals) = postSolution
		SolutionGuid = {9C67A35A-DA25-47F8-8440-6ECB34E6679C}
	EndGlobalSection
EndGlobal
